
Microsoft Visual Studio Solution File, Format Version 12.00
# Visual Studio Version 17
VisualStudioVersion = 17.14.36202.13
MinimumVisualStudioVersion = 10.0.40219.1
Project("{2150E333-8FDC-42A3-9474-1A3956D46DE8}") = "src", "src", "{02EA681E-C7D8-13C7-8484-4AC65E1B71E8}"
EndProject
Project("{2150E333-8FDC-42A3-9474-1A3956D46DE8}") = "tests", "tests", "{D785B900-5FEE-4FC1-8A31-DAFB540700CB}"
EndProject
Project("{2150E333-8FDC-42A3-9474-1A3956D46DE8}") = "Backend", "Backend", "{F885280D-0697-4C94-9B08-BB907CF47FAE}"
EndProject
Project("{2150E333-8FDC-42A3-9474-1A3956D46DE8}") = "Shared", "Shared", "{0257988F-7B08-417B-81FF-6ACAAFA14080}"
EndProject
Project("{FAE04EC0-301F-11D3-BF4B-00C04F79EFBC}") = "EFInWeb.API", "src\Backend\EFInWeb.API\EFInWeb.API.csproj", "{CB58634B-1437-429D-BC62-17C2FB75D594}"
EndProject
Project("{FAE04EC0-301F-11D3-BF4B-00C04F79EFBC}") = "EFInWeb.Application", "src\Backend\EFInWeb.Application\EFInWeb.Application.csproj", "{FD0C5DB1-19CE-4BD9-BCAF-50670E96022D}"
EndProject
Project("{FAE04EC0-301F-11D3-BF4B-00C04F79EFBC}") = "EFInWeb.Infrastructure", "src\Backend\EFInWeb.Infrastructure\EFInWeb.Infrastructure.csproj", "{7EE13D6F-C32E-4CD0-9936-572091033F07}"
EndProject
Project("{FAE04EC0-301F-11D3-BF4B-00C04F79EFBC}") = "EFInWeb.Domain", "src\Backend\EFInWeb.Domain\EFInWeb.Domain.csproj", "{90C619F2-EB64-40E9-BCA3-298B4279596A}"
EndProject
Project("{FAE04EC0-301F-11D3-BF4B-00C04F79EFBC}") = "EFInWeb.Exceptions", "src\Shared\EFInWeb.Exceptions\EFInWeb.Exceptions.csproj", "{B66814B7-852E-43B7-84B6-EBEB6BC70888}"
EndProject
Project("{FAE04EC0-301F-11D3-BF4B-00C04F79EFBC}") = "EFInWeb.Communication", "src\Shared\EFInWeb.Communication\EFInWeb.Communication.csproj", "{8258B561-B677-441B-9668-150B5B690E01}"
EndProject
Project("{2150E333-8FDC-42A3-9474-1A3956D46DE8}") = "Frontend", "Frontend", "{B295415C-EBD7-4B8B-903E-37E776454908}"
EndProject
Project("{FAE04EC0-301F-11D3-BF4B-00C04F79EFBC}") = "EFInWeb.BlazorApp", "src\Frontend\EFInWeb.BlazorApp\EFInWeb.BlazorApp.csproj", "{11EF5633-143E-4383-9B13-59BD6126BF4F}"
EndProject
Global
	GlobalSection(SolutionConfigurationPlatforms) = preSolution
		Debug|Any CPU = Debug|Any CPU
		Release|Any CPU = Release|Any CPU
	EndGlobalSection
	GlobalSection(ProjectConfigurationPlatforms) = postSolution
		{CB58634B-1437-429D-BC62-17C2FB75D594}.Debug|Any CPU.ActiveCfg = Debug|Any CPU
		{CB58634B-1437-429D-BC62-17C2FB75D594}.Debug|Any CPU.Build.0 = Debug|Any CPU
		{CB58634B-1437-429D-BC62-17C2FB75D594}.Release|Any CPU.ActiveCfg = Release|Any CPU
		{CB58634B-1437-429D-BC62-17C2FB75D594}.Release|Any CPU.Build.0 = Release|Any CPU
		{FD0C5DB1-19CE-4BD9-BCAF-50670E96022D}.Debug|Any CPU.ActiveCfg = Debug|Any CPU
		{FD0C5DB1-19CE-4BD9-BCAF-50670E96022D}.Debug|Any CPU.Build.0 = Debug|Any CPU
		{FD0C5DB1-19CE-4BD9-BCAF-50670E96022D}.Release|Any CPU.ActiveCfg = Release|Any CPU
		{FD0C5DB1-19CE-4BD9-BCAF-50670E96022D}.Release|Any CPU.Build.0 = Release|Any CPU
		{7EE13D6F-C32E-4CD0-9936-572091033F07}.Debug|Any CPU.ActiveCfg = Debug|Any CPU
		{7EE13D6F-C32E-4CD0-9936-572091033F07}.Debug|Any CPU.Build.0 = Debug|Any CPU
		{7EE13D6F-C32E-4CD0-9936-572091033F07}.Release|Any CPU.ActiveCfg = Release|Any CPU
		{7EE13D6F-C32E-4CD0-9936-572091033F07}.Release|Any CPU.Build.0 = Release|Any CPU
		{90C619F2-EB64-40E9-BCA3-298B4279596A}.Debug|Any CPU.ActiveCfg = Debug|Any CPU
		{90C619F2-EB64-40E9-BCA3-298B4279596A}.Debug|Any CPU.Build.0 = Debug|Any CPU
		{90C619F2-EB64-40E9-BCA3-298B4279596A}.Release|Any CPU.ActiveCfg = Release|Any CPU
		{90C619F2-EB64-40E9-BCA3-298B4279596A}.Release|Any CPU.Build.0 = Release|Any CPU
		{B66814B7-852E-43B7-84B6-EBEB6BC70888}.Debug|Any CPU.ActiveCfg = Debug|Any CPU
		{B66814B7-852E-43B7-84B6-EBEB6BC70888}.Debug|Any CPU.Build.0 = Debug|Any CPU
		{B66814B7-852E-43B7-84B6-EBEB6BC70888}.Release|Any CPU.ActiveCfg = Release|Any CPU
		{B66814B7-852E-43B7-84B6-EBEB6BC70888}.Release|Any CPU.Build.0 = Release|Any CPU
		{8258B561-B677-441B-9668-150B5B690E01}.Debug|Any CPU.ActiveCfg = Debug|Any CPU
		{8258B561-B677-441B-9668-150B5B690E01}.Debug|Any CPU.Build.0 = Debug|Any CPU
		{8258B561-B677-441B-9668-150B5B690E01}.Release|Any CPU.ActiveCfg = Release|Any CPU
		{8258B561-B677-441B-9668-150B5B690E01}.Release|Any CPU.Build.0 = Release|Any CPU
		{11EF5633-143E-4383-9B13-59BD6126BF4F}.Debug|Any CPU.ActiveCfg = Debug|Any CPU
		{11EF5633-143E-4383-9B13-59BD6126BF4F}.Debug|Any CPU.Build.0 = Debug|Any CPU
		{11EF5633-143E-4383-9B13-59BD6126BF4F}.Release|Any CPU.ActiveCfg = Release|Any CPU
		{11EF5633-143E-4383-9B13-59BD6126BF4F}.Release|Any CPU.Build.0 = Release|Any CPU
	EndGlobalSection
	GlobalSection(SolutionProperties) = preSolution
		HideSolutionNode = FALSE
	EndGlobalSection
	GlobalSection(NestedProjects) = preSolution
		{F885280D-0697-4C94-9B08-BB907CF47FAE} = {02EA681E-C7D8-13C7-8484-4AC65E1B71E8}
		{0257988F-7B08-417B-81FF-6ACAAFA14080} = {02EA681E-C7D8-13C7-8484-4AC65E1B71E8}
		{CB58634B-1437-429D-BC62-17C2FB75D594} = {F885280D-0697-4C94-9B08-BB907CF47FAE}
		{FD0C5DB1-19CE-4BD9-BCAF-50670E96022D} = {F885280D-0697-4C94-9B08-BB907CF47FAE}
		{7EE13D6F-C32E-4CD0-9936-572091033F07} = {F885280D-0697-4C94-9B08-BB907CF47FAE}
		{90C619F2-EB64-40E9-BCA3-298B4279596A} = {F885280D-0697-4C94-9B08-BB907CF47FAE}
		{B66814B7-852E-43B7-84B6-EBEB6BC70888} = {0257988F-7B08-417B-81FF-6ACAAFA14080}
		{8258B561-B677-441B-9668-150B5B690E01} = {0257988F-7B08-417B-81FF-6ACAAFA14080}
		{B295415C-EBD7-4B8B-903E-37E776454908} = {02EA681E-C7D8-13C7-8484-4AC65E1B71E8}
		{11EF5633-143E-4383-9B13-59BD6126BF4F} = {B295415C-EBD7-4B8B-903E-37E776454908}
	EndGlobalSection
	GlobalSection(ExtensibilityGlobals) = postSolution
		SolutionGuid = {01B98DA3-74D9-4CE0-B85F-36CDA7A434D4}
	EndGlobalSection
EndGlobal
